
Microsoft Visual Studio Solution File, Format Version 12.00
Project("{FAE04EC0-301F-11D3-BF4B-00C04F79EFBC}") = "FirstSimpleDb", "FirstSimpleDb\FirstSimpleDb.csproj", "{203B15DE-4695-45A1-8164-36AB20A7EE56}"
EndProject
Global
	GlobalSection(SolutionConfigurationPlatforms) = preSolution
		Debug|Any CPU = Debug|Any CPU
		Release|Any CPU = Release|Any CPU
	EndGlobalSection
	GlobalSection(ProjectConfigurationPlatforms) = postSolution
		{203B15DE-4695-45A1-8164-36AB20A7EE56}.Debug|Any CPU.ActiveCfg = Debug|Any CPU
		{203B15DE-4695-45A1-8164-36AB20A7EE56}.Debug|Any CPU.Build.0 = Debug|Any CPU
		{203B15DE-4695-45A1-8164-36AB20A7EE56}.Release|Any CPU.ActiveCfg = Release|Any CPU
		{203B15DE-4695-45A1-8164-36AB20A7EE56}.Release|Any CPU.Build.0 = Release|Any CPU
	EndGlobalSection
EndGlobal
